{
  "version": 4,
  "terraform_version": "1.1.4",
  "serial": 1,
  "lineage": "4366fc4f-010f-5cdf-56bc-93e5c9ce23d5",
  "outputs": {},
  "resources": [
    {
      "mode": "managed",
      "type": "mongodbatlas_project",
      "name": "mongo_project",
      "provider": "provider[\"registry.terraform.io/mongodb/mongodbatlas\"]",
      "instances": [
        {
          "schema_version": 0,
          "attributes": {
            "api_keys": [
              {
                "api_key_id": "5f28da82dfe65e129a6fd163",
                "role_names": [
                  "GROUP_OWNER"
                ]
              }
            ],
            "cluster_count": 0,
            "created": "2022-01-25T18:28:13Z",
            "id": "61f0413c3bde870f14f4d42a",
            "name": "var_cluster_name_1",
            "org_id": "5e384d3179358e03d842ead1",
            "project_owner_id": null,
            "teams": [],
            "with_default_alerts_settings": true
          },
          "sensitive_attributes": [],
          "private": "bnVsbA=="
        }
      ]
    }
  ]
}
